// !$*UTF8*$!
{
	archiveVersion = 1;
	classes = {
	};
	objectVersion = 56;
	objects = {

/* Begin PBXBuildFile section */
		D0B0C3AC29C8BCAB0006A100 /* AppDelegate.swift in Sources */ = {isa = PBXBuildFile; fileRef = D0B0C3AB29C8BCAB0006A100 /* AppDelegate.swift */; };
		D0B0C3AE29C8BCAB0006A100 /* SceneDelegate.swift in Sources */ = {isa = PBXBuildFile; fileRef = D0B0C3AD29C8BCAB0006A100 /* SceneDelegate.swift */; };
		D0B0C3B029C8BCAB0006A100 /* ViewController.swift in Sources */ = {isa = PBXBuildFile; fileRef = D0B0C3AF29C8BCAB0006A100 /* ViewController.swift */; };
		D0B0C3B329C8BCAB0006A100 /* Main.storyboard in Resources */ = {isa = PBXBuildFile; fileRef = D0B0C3B129C8BCAB0006A100 /* Main.storyboard */; };
		D0B0C3B529C8BCAD0006A100 /* Assets.xcassets in Resources */ = {isa = PBXBuildFile; fileRef = D0B0C3B429C8BCAD0006A100 /* Assets.xcassets */; };
		D0B0C3B829C8BCAD0006A100 /* LaunchScreen.storyboard in Resources */ = {isa = PBXBuildFile; fileRef = D0B0C3B629C8BCAD0006A100 /* LaunchScreen.storyboard */; };
		D0B0C3C329C8BCAD0006A100 /* weatherAppTests.swift in Sources */ = {isa = PBXBuildFile; fileRef = D0B0C3C229C8BCAD0006A100 /* weatherAppTests.swift */; };
		D0B0C3CD29C8BCAD0006A100 /* weatherAppUITests.swift in Sources */ = {isa = PBXBuildFile; fileRef = D0B0C3CC29C8BCAD0006A100 /* weatherAppUITests.swift */; };
		D0B0C3CF29C8BCAD0006A100 /* weatherAppUITestsLaunchTests.swift in Sources */ = {isa = PBXBuildFile; fileRef = D0B0C3CE29C8BCAD0006A100 /* weatherAppUITestsLaunchTests.swift */; };
/* End PBXBuildFile section */

/* Begin PBXContainerItemProxy section */
		D0B0C3BF29C8BCAD0006A100 /* PBXContainerItemProxy */ = {
			isa = PBXContainerItemProxy;
			containerPortal = D0B0C3A029C8BCAB0006A100 /* Project object */;
			proxyType = 1;
			remoteGlobalIDString = D0B0C3A729C8BCAB0006A100;
			remoteInfo = weatherApp;
		};
		D0B0C3C929C8BCAD0006A100 /* PBXContainerItemProxy */ = {
			isa = PBXContainerItemProxy;
			containerPortal = D0B0C3A029C8BCAB0006A100 /* Project object */;
			proxyType = 1;
			remoteGlobalIDString = D0B0C3A729C8BCAB0006A100;
			remoteInfo = weatherApp;
		};
/* End PBXContainerItemProxy section */

/* Begin PBXFileReference section */
		D0B0C3A829C8BCAB0006A100 /* weatherApp.app */ = {isa = PBXFileReference; explicitFileType = wrapper.application; includeInIndex = 0; path = weatherApp.app; sourceTree = BUILT_PRODUCTS_DIR; };
		D0B0C3AB29C8BCAB0006A100 /* AppDelegate.swift */ = {isa = PBXFileReference; lastKnownFileType = sourcecode.swift; path = AppDelegate.swift; sourceTree = "<group>"; };
		D0B0C3AD29C8BCAB0006A100 /* SceneDelegate.swift */ = {isa = PBXFileReference; lastKnownFileType = sourcecode.swift; path = SceneDelegate.swift; sourceTree = "<group>"; };
		D0B0C3AF29C8BCAB0006A100 /* ViewController.swift */ = {isa = PBXFileReference; lastKnownFileType = sourcecode.swift; path = ViewController.swift; sourceTree = "<group>"; };
		D0B0C3B229C8BCAB0006A100 /* Base */ = {isa = PBXFileReference; lastKnownFileType = file.storyboard; name = Base; path = Base.lproj/Main.storyboard; sourceTree = "<group>"; };
		D0B0C3B429C8BCAD0006A100 /* Assets.xcassets */ = {isa = PBXFileReference; lastKnownFileType = folder.assetcatalog; path = Assets.xcassets; sourceTree = "<group>"; };
		D0B0C3B729C8BCAD0006A100 /* Base */ = {isa = PBXFileReference; lastKnownFileType = file.storyboard; name = Base; path = Base.lproj/LaunchScreen.storyboard; sourceTree = "<group>"; };
		D0B0C3B929C8BCAD0006A100 /* Info.plist */ = {isa = PBXFileReference; lastKnownFileType = text.plist.xml; path = Info.plist; sourceTree = "<group>"; };
		D0B0C3BE29C8BCAD0006A100 /* weatherAppTests.xctest */ = {isa = PBXFileReference; explicitFileType = wrapper.cfbundle; includeInIndex = 0; path = weatherAppTests.xctest; sourceTree = BUILT_PRODUCTS_DIR; };
		D0B0C3C229C8BCAD0006A100 /* weatherAppTests.swift */ = {isa = PBXFileReference; lastKnownFileType = sourcecode.swift; path = weatherAppTests.swift; sourceTree = "<group>"; };
		D0B0C3C829C8BCAD0006A100 /* weatherAppUITests.xctest */ = {isa = PBXFileReference; explicitFileType = wrapper.cfbundle; includeInIndex = 0; path = weatherAppUITests.xctest; sourceTree = BUILT_PRODUCTS_DIR; };
		D0B0C3CC29C8BCAD0006A100 /* weatherAppUITests.swift */ = {isa = PBXFileReference; lastKnownFileType = sourcecode.swift; path = weatherAppUITests.swift; sourceTree = "<group>"; };
		D0B0C3CE29C8BCAD0006A100 /* weatherAppUITestsLaunchTests.swift */ = {isa = PBXFileReference; lastKnownFileType = sourcecode.swift; path = weatherAppUITestsLaunchTests.swift; sourceTree = "<group>"; };
/* End PBXFileReference section */

/* Begin PBXFrameworksBuildPhase section */
		D0B0C3A529C8BCAB0006A100 /* Frameworks */ = {
			isa = PBXFrameworksBuildPhase;
			buildActionMask = 2147483647;
			files = (
			);
			runOnlyForDeploymentPostprocessing = 0;
		};
		D0B0C3BB29C8BCAD0006A100 /* Frameworks */ = {
			isa = PBXFrameworksBuildPhase;
			buildActionMask = 2147483647;
			files = (
			);
			runOnlyForDeploymentPostprocessing = 0;
		};
		D0B0C3C529C8BCAD0006A100 /* Frameworks */ = {
			isa = PBXFrameworksBuildPhase;
			buildActionMask = 2147483647;
			files = (
			);
			runOnlyForDeploymentPostprocessing = 0;
		};
/* End PBXFrameworksBuildPhase section */

/* Begin PBXGroup section */
		D0B0C39F29C8BCAB0006A100 = {
			isa = PBXGroup;
			children = (
				D0B0C3AA29C8BCAB0006A100 /* weatherApp */,
				D0B0C3C129C8BCAD0006A100 /* weatherAppTests */,
				D0B0C3CB29C8BCAD0006A100 /* weatherAppUITests */,
				D0B0C3A929C8BCAB0006A100 /* Products */,
			);
			sourceTree = "<group>";
		};
		D0B0C3A929C8BCAB0006A100 /* Products */ = {
			isa = PBXGroup;
			children = (
				D0B0C3A829C8BCAB0006A100 /* weatherApp.app */,
				D0B0C3BE29C8BCAD0006A100 /* weatherAppTests.xctest */,
				D0B0C3C829C8BCAD0006A100 /* weatherAppUITests.xctest */,
			);
			name = Products;
			sourceTree = "<group>";
		};
		D0B0C3AA29C8BCAB0006A100 /* weatherApp */ = {
			isa = PBXGroup;
			children = (
				D0B0C3AB29C8BCAB0006A100 /* AppDelegate.swift */,
				D0B0C3AD29C8BCAB0006A100 /* SceneDelegate.swift */,
				D0B0C3AF29C8BCAB0006A100 /* ViewController.swift */,
				D0B0C3B129C8BCAB0006A100 /* Main.storyboard */,
				D0B0C3B429C8BCAD0006A100 /* Assets.xcassets */,
				D0B0C3B629C8BCAD0006A100 /* LaunchScreen.storyboard */,
				D0B0C3B929C8BCAD0006A100 /* Info.plist */,
			);
			path = weatherApp;
			sourceTree = "<group>";
		};
		D0B0C3C129C8BCAD0006A100 /* weatherAppTests */ = {
			isa = PBXGroup;
			children = (
				D0B0C3C229C8BCAD0006A100 /* weatherAppTests.swift */,
			);
			path = weatherAppTests;
			sourceTree = "<group>";
		};
		D0B0C3CB29C8BCAD0006A100 /* weatherAppUITests */ = {
			isa = PBXGroup;
			children = (
				D0B0C3CC29C8BCAD0006A100 /* weatherAppUITests.swift */,
				D0B0C3CE29C8BCAD0006A100 /* weatherAppUITestsLaunchTests.swift */,
			);
			path = weatherAppUITests;
			sourceTree = "<group>";
		};
/* End PBXGroup section */

/* Begin PBXNativeTarget section */
		D0B0C3A729C8BCAB0006A100 /* weatherApp */ = {
			isa = PBXNativeTarget;
			buildConfigurationList = D0B0C3D229C8BCAD0006A100 /* Build configuration list for PBXNativeTarget "weatherApp" */;
			buildPhases = (
				D0B0C3A429C8BCAB0006A100 /* Sources */,
				D0B0C3A529C8BCAB0006A100 /* Frameworks */,
				D0B0C3A629C8BCAB0006A100 /* Resources */,
			);
			buildRules = (
			);
			dependencies = (
			);
			name = weatherApp;
			productName = weatherApp;
			productReference = D0B0C3A829C8BCAB0006A100 /* weatherApp.app */;
			productType = "com.apple.product-type.application";
		};
		D0B0C3BD29C8BCAD0006A100 /* weatherAppTests */ = {
			isa = PBXNativeTarget;
			buildConfigurationList = D0B0C3D529C8BCAD0006A100 /* Build configuration list for PBXNativeTarget "weatherAppTests" */;
			buildPhases = (
				D0B0C3BA29C8BCAD0006A100 /* Sources */,
				D0B0C3BB29C8BCAD0006A100 /* Frameworks */,
				D0B0C3BC29C8BCAD0006A100 /* Resources */,
			);
			buildRules = (
			);
			dependencies = (
				D0B0C3C029C8BCAD0006A100 /* PBXTargetDependency */,
			);
			name = weatherAppTests;
			productName = weatherAppTests;
			productReference = D0B0C3BE29C8BCAD0006A100 /* weatherAppTests.xctest */;
			productType = "com.apple.product-type.bundle.unit-test";
		};
		D0B0C3C729C8BCAD0006A100 /* weatherAppUITests */ = {
			isa = PBXNativeTarget;
			buildConfigurationList = D0B0C3D829C8BCAD0006A100 /* Build configuration list for PBXNativeTarget "weatherAppUITests" */;
			buildPhases = (
				D0B0C3C429C8BCAD0006A100 /* Sources */,
				D0B0C3C529C8BCAD0006A100 /* Frameworks */,
				D0B0C3C629C8BCAD0006A100 /* Resources */,
			);
			buildRules = (
			);
			dependencies = (
				D0B0C3CA29C8BCAD0006A100 /* PBXTargetDependency */,
			);
			name = weatherAppUITests;
			productName = weatherAppUITests;
			productReference = D0B0C3C829C8BCAD0006A100 /* weatherAppUITests.xctest */;
			productType = "com.apple.product-type.bundle.ui-testing";
		};
/* End PBXNativeTarget section */

/* Begin PBXProject section */
		D0B0C3A029C8BCAB0006A100 /* Project object */ = {
			isa = PBXProject;
			attributes = {
				BuildIndependentTargetsInParallel = 1;
				LastSwiftUpdateCheck = 1420;
				LastUpgradeCheck = 1420;
				TargetAttributes = {
					D0B0C3A729C8BCAB0006A100 = {
						CreatedOnToolsVersion = 14.2;
					};
					D0B0C3BD29C8BCAD0006A100 = {
						CreatedOnToolsVersion = 14.2;
						TestTargetID = D0B0C3A729C8BCAB0006A100;
					};
					D0B0C3C729C8BCAD0006A100 = {
						CreatedOnToolsVersion = 14.2;
						TestTargetID = D0B0C3A729C8BCAB0006A100;
					};
				};
			};
			buildConfigurationList = D0B0C3A329C8BCAB0006A100 /* Build configuration list for PBXProject "weatherApp" */;
			compatibilityVersion = "Xcode 14.0";
			developmentRegion = en;
			hasScannedForEncodings = 0;
			knownRegions = (
				en,
				Base,
			);
			mainGroup = D0B0C39F29C8BCAB0006A100;
			productRefGroup = D0B0C3A929C8BCAB0006A100 /* Products */;
			projectDirPath = "";
			projectRoot = "";
			targets = (
				D0B0C3A729C8BCAB0006A100 /* weatherApp */,
				D0B0C3BD29C8BCAD0006A100 /* weatherAppTests */,
				D0B0C3C729C8BCAD0006A100 /* weatherAppUITests */,
			);
		};
/* End PBXProject section */

/* Begin PBXResourcesBuildPhase section */
		D0B0C3A629C8BCAB0006A100 /* Resources */ = {
			isa = PBXResourcesBuildPhase;
			buildActionMask = 2147483647;
			files = (
				D0B0C3B829C8BCAD0006A100 /* LaunchScreen.storyboard in Resources */,
				D0B0C3B529C8BCAD0006A100 /* Assets.xcassets in Resources */,
				D0B0C3B329C8BCAB0006A100 /* Main.storyboard in Resources */,
			);
			runOnlyForDeploymentPostprocessing = 0;
		};
		D0B0C3BC29C8BCAD0006A100 /* Resources */ = {
			isa = PBXResourcesBuildPhase;
			buildActionMask = 2147483647;
			files = (
			);
			runOnlyForDeploymentPostprocessing = 0;
		};
		D0B0C3C629C8BCAD0006A100 /* Resources */ = {
			isa = PBXResourcesBuildPhase;
			buildActionMask = 2147483647;
			files = (
			);
			runOnlyForDeploymentPostprocessing = 0;
		};
/* End PBXResourcesBuildPhase section */

/* Begin PBXSourcesBuildPhase section */
		D0B0C3A429C8BCAB0006A100 /* Sources */ = {
			isa = PBXSourcesBuildPhase;
			buildActionMask = 2147483647;
			files = (
				D0B0C3B029C8BCAB0006A100 /* ViewController.swift in Sources */,
				D0B0C3AC29C8BCAB0006A100 /* AppDelegate.swift in Sources */,
				D0B0C3AE29C8BCAB0006A100 /* SceneDelegate.swift in Sources */,
			);
			runOnlyForDeploymentPostprocessing = 0;
		};
		D0B0C3BA29C8BCAD0006A100 /* Sources */ = {
			isa = PBXSourcesBuildPhase;
			buildActionMask = 2147483647;
			files = (
				D0B0C3C329C8BCAD0006A100 /* weatherAppTests.swift in Sources */,
			);
			runOnlyForDeploymentPostprocessing = 0;
		};
		D0B0C3C429C8BCAD0006A100 /* Sources */ = {
			isa = PBXSourcesBuildPhase;
			buildActionMask = 2147483647;
			files = (
				D0B0C3CD29C8BCAD0006A100 /* weatherAppUITests.swift in Sources */,
				D0B0C3CF29C8BCAD0006A100 /* weatherAppUITestsLaunchTests.swift in Sources */,
			);
			runOnlyForDeploymentPostprocessing = 0;
		};
/* End PBXSourcesBuildPhase section */

/* Begin PBXTargetDependency section */
		D0B0C3C029C8BCAD0006A100 /* PBXTargetDependency */ = {
			isa = PBXTargetDependency;
			target = D0B0C3A729C8BCAB0006A100 /* weatherApp */;
			targetProxy = D0B0C3BF29C8BCAD0006A100 /* PBXContainerItemProxy */;
		};
		D0B0C3CA29C8BCAD0006A100 /* PBXTargetDependency */ = {
			isa = PBXTargetDependency;
			target = D0B0C3A729C8BCAB0006A100 /* weatherApp */;
			targetProxy = D0B0C3C929C8BCAD0006A100 /* PBXContainerItemProxy */;
		};
/* End PBXTargetDependency section */

/* Begin PBXVariantGroup section */
		D0B0C3B129C8BCAB0006A100 /* Main.storyboard */ = {
			isa = PBXVariantGroup;
			children = (
				D0B0C3B229C8BCAB0006A100 /* Base */,
			);
			name = Main.storyboard;
			sourceTree = "<group>";
		};
		D0B0C3B629C8BCAD0006A100 /* LaunchScreen.storyboard */ = {
			isa = PBXVariantGroup;
			children = (
				D0B0C3B729C8BCAD0006A100 /* Base */,
			);
			name = LaunchScreen.storyboard;
			sourceTree = "<group>";
		};
/* End PBXVariantGroup section */

/* Begin XCBuildConfiguration section */
		D0B0C3D029C8BCAD0006A100 /* Debug */ = {
			isa = XCBuildConfiguration;
			buildSettings = {
				ALWAYS_SEARCH_USER_PATHS = NO;
				CLANG_ANALYZER_NONNULL = YES;
				CLANG_ANALYZER_NUMBER_OBJECT_CONVERSION = YES_AGGRESSIVE;
				CLANG_CXX_LANGUAGE_STANDARD = "gnu++20";
				CLANG_ENABLE_MODULES = YES;
				CLANG_ENABLE_OBJC_ARC = YES;
				CLANG_ENABLE_OBJC_WEAK = YES;
				CLANG_WARN_BLOCK_CAPTURE_AUTORELEASING = YES;
				CLANG_WARN_BOOL_CONVERSION = YES;
				CLANG_WARN_COMMA = YES;
				CLANG_WARN_CONSTANT_CONVERSION = YES;
				CLANG_WARN_DEPRECATED_OBJC_IMPLEMENTATIONS = YES;
				CLANG_WARN_DIRECT_OBJC_ISA_USAGE = YES_ERROR;
				CLANG_WARN_DOCUMENTATION_COMMENTS = YES;
				CLANG_WARN_EMPTY_BODY = YES;
				CLANG_WARN_ENUM_CONVERSION = YES;
				CLANG_WARN_INFINITE_RECURSION = YES;
				CLANG_WARN_INT_CONVERSION = YES;
				CLANG_WARN_NON_LITERAL_NULL_CONVERSION = YES;
				CLANG_WARN_OBJC_IMPLICIT_RETAIN_SELF = YES;
				CLANG_WARN_OBJC_LITERAL_CONVERSION = YES;
				CLANG_WARN_OBJC_ROOT_CLASS = YES_ERROR;
				CLANG_WARN_QUOTED_INCLUDE_IN_FRAMEWORK_HEADER = YES;
				CLANG_WARN_RANGE_LOOP_ANALYSIS = YES;
				CLANG_WARN_STRICT_PROTOTYPES = YES;
				CLANG_WARN_SUSPICIOUS_MOVE = YES;
				CLANG_WARN_UNGUARDED_AVAILABILITY = YES_AGGRESSIVE;
				CLANG_WARN_UNREACHABLE_CODE = YES;
				CLANG_WARN__DUPLICATE_METHOD_MATCH = YES;
				COPY_PHASE_STRIP = NO;
				DEBUG_INFORMATION_FORMAT = dwarf;
				ENABLE_STRICT_OBJC_MSGSEND = YES;
				ENABLE_TESTABILITY = YES;
				GCC_C_LANGUAGE_STANDARD = gnu11;
				GCC_DYNAMIC_NO_PIC = NO;
				GCC_NO_COMMON_BLOCKS = YES;
				GCC_OPTIMIZATION_LEVEL = 0;
				GCC_PREPROCESSOR_DEFINITIONS = (
					"DEBUG=1",
					"$(inherited)",
				);
				GCC_WARN_64_TO_32_BIT_CONVERSION = YES;
				GCC_WARN_ABOUT_RETURN_TYPE = YES_ERROR;
				GCC_WARN_UNDECLARED_SELECTOR = YES;
				GCC_WARN_UNINITIALIZED_AUTOS = YES_AGGRESSIVE;
				GCC_WARN_UNUSED_FUNCTION = YES;
				GCC_WARN_UNUSED_VARIABLE = YES;
				IPHONEOS_DEPLOYMENT_TARGET = 16.2;
				MTL_ENABLE_DEBUG_INFO = INCLUDE_SOURCE;
				MTL_FAST_MATH = YES;
				ONLY_ACTIVE_ARCH = YES;
				SDKROOT = iphoneos;
				SWIFT_ACTIVE_COMPILATION_CONDITIONS = DEBUG;
				SWIFT_OPTIMIZATION_LEVEL = "-Onone";
			};
			name = Debug;
		};
		D0B0C3D129C8BCAD0006A100 /* Release */ = {
			isa = XCBuildConfiguration;
			buildSettings = {
				ALWAYS_SEARCH_USER_PATHS = NO;
				CLANG_ANALYZER_NONNULL = YES;
				CLANG_ANALYZER_NUMBER_OBJECT_CONVERSION = YES_AGGRESSIVE;
				CLANG_CXX_LANGUAGE_STANDARD = "gnu++20";
				CLANG_ENABLE_MODULES = YES;
				CLANG_ENABLE_OBJC_ARC = YES;
				CLANG_ENABLE_OBJC_WEAK = YES;
				CLANG_WARN_BLOCK_CAPTURE_AUTORELEASING = YES;
				CLANG_WARN_BOOL_CONVERSION = YES;
				CLANG_WARN_COMMA = YES;
				CLANG_WARN_CONSTANT_CONVERSION = YES;
				CLANG_WARN_DEPRECATED_OBJC_IMPLEMENTATIONS = YES;
				CLANG_WARN_DIRECT_OBJC_ISA_USAGE = YES_ERROR;
				CLANG_WARN_DOCUMENTATION_COMMENTS = YES;
				CLANG_WARN_EMPTY_BODY = YES;
				CLANG_WARN_ENUM_CONVERSION = YES;
				CLANG_WARN_INFINITE_RECURSION = YES;
				CLANG_WARN_INT_CONVERSION = YES;
				CLANG_WARN_NON_LITERAL_NULL_CONVERSION = YES;
				CLANG_WARN_OBJC_IMPLICIT_RETAIN_SELF = YES;
				CLANG_WARN_OBJC_LITERAL_CONVERSION = YES;
				CLANG_WARN_OBJC_ROOT_CLASS = YES_ERROR;
				CLANG_WARN_QUOTED_INCLUDE_IN_FRAMEWORK_HEADER = YES;
				CLANG_WARN_RANGE_LOOP_ANALYSIS = YES;
				CLANG_WARN_STRICT_PROTOTYPES = YES;
				CLANG_WARN_SUSPICIOUS_MOVE = YES;
				CLANG_WARN_UNGUARDED_AVAILABILITY = YES_AGGRESSIVE;
				CLANG_WARN_UNREACHABLE_CODE = YES;
				CLANG_WARN__DUPLICATE_METHOD_MATCH = YES;
				COPY_PHASE_STRIP = NO;
				DEBUG_INFORMATION_FORMAT = "dwarf-with-dsym";
				ENABLE_NS_ASSERTIONS = NO;
				ENABLE_STRICT_OBJC_MSGSEND = YES;
				GCC_C_LANGUAGE_STANDARD = gnu11;
				GCC_NO_COMMON_BLOCKS = YES;
				GCC_WARN_64_TO_32_BIT_CONVERSION = YES;
				GCC_WARN_ABOUT_RETURN_TYPE = YES_ERROR;
				GCC_WARN_UNDECLARED_SELECTOR = YES;
				GCC_WARN_UNINITIALIZED_AUTOS = YES_AGGRESSIVE;
				GCC_WARN_UNUSED_FUNCTION = YES;
				GCC_WARN_UNUSED_VARIABLE = YES;
				IPHONEOS_DEPLOYMENT_TARGET = 16.2;
				MTL_ENABLE_DEBUG_INFO = NO;
				MTL_FAST_MATH = YES;
				SDKROOT = iphoneos;
				SWIFT_COMPILATION_MODE = wholemodule;
				SWIFT_OPTIMIZATION_LEVEL = "-O";
				VALIDATE_PRODUCT = YES;
			};
			name = Release;
		};
		D0B0C3D329C8BCAD0006A100 /* Debug */ = {
			isa = XCBuildConfiguration;
			buildSettings = {
				ASSETCATALOG_COMPILER_APPICON_NAME = AppIcon;
				ASSETCATALOG_COMPILER_GLOBAL_ACCENT_COLOR_NAME = AccentColor;
				CODE_SIGN_STYLE = Automatic;
				CURRENT_PROJECT_VERSION = 1;
				GENERATE_INFOPLIST_FILE = YES;
				INFOPLIST_FILE = weatherApp/Info.plist;
				INFOPLIST_KEY_UIApplicationSupportsIndirectInputEvents = YES;
				INFOPLIST_KEY_UILaunchStoryboardName = LaunchScreen;
				INFOPLIST_KEY_UIMainStoryboardFile = Main;
				INFOPLIST_KEY_UISupportedInterfaceOrientations_iPad = "UIInterfaceOrientationPortrait UIInterfaceOrientationPortraitUpsideDown UIInterfaceOrientationLandscapeLeft UIInterfaceOrientationLandscapeRight";
				INFOPLIST_KEY_UISupportedInterfaceOrientations_iPhone = "UIInterfaceOrientationPortrait UIInterfaceOrientationLandscapeLeft UIInterfaceOrientationLandscapeRight";
				LD_RUNPATH_SEARCH_PATHS = (
					"$(inherited)",
					"@executable_path/Frameworks",
				);
				MARKETING_VERSION = 1.0;
				PRODUCT_BUNDLE_IDENTIFIER = example.com.rajrana.weatherApp;
				PRODUCT_NAME = "$(TARGET_NAME)";
				SWIFT_EMIT_LOC_STRINGS = YES;
				SWIFT_VERSION = 5.0;
				TARGETED_DEVICE_FAMILY = "1,2";
			};
			name = Debug;
		};
		D0B0C3D429C8BCAD0006A100 /* Release */ = {
			isa = XCBuildConfiguration;
			buildSettings = {
				ASSETCATALOG_COMPILER_APPICON_NAME = AppIcon;
				ASSETCATALOG_COMPILER_GLOBAL_ACCENT_COLOR_NAME = AccentColor;
				CODE_SIGN_STYLE = Automatic;
				CURRENT_PROJECT_VERSION = 1;
				GENERATE_INFOPLIST_FILE = YES;
				INFOPLIST_FILE = weatherApp/Info.plist;
				INFOPLIST_KEY_UIApplicationSupportsIndirectInputEvents = YES;
				INFOPLIST_KEY_UILaunchStoryboardName = LaunchScreen;
				INFOPLIST_KEY_UIMainStoryboardFile = Main;
				INFOPLIST_KEY_UISupportedInterfaceOrientations_iPad = "UIInterfaceOrientationPortrait UIInterfaceOrientationPortraitUpsideDown UIInterfaceOrientationLandscapeLeft UIInterfaceOrientationLandscapeRight";
				INFOPLIST_KEY_UISupportedInterfaceOrientations_iPhone = "UIInterfaceOrientationPortrait UIInterfaceOrientationLandscapeLeft UIInterfaceOrientationLandscapeRight";
				LD_RUNPATH_SEARCH_PATHS = (
					"$(inherited)",
					"@executable_path/Frameworks",
				);
				MARKETING_VERSION = 1.0;
				PRODUCT_BUNDLE_IDENTIFIER = example.com.rajrana.weatherApp;
				PRODUCT_NAME = "$(TARGET_NAME)";
				SWIFT_EMIT_LOC_STRINGS = YES;
				SWIFT_VERSION = 5.0;
				TARGETED_DEVICE_FAMILY = "1,2";
			};
			name = Release;
		};
		D0B0C3D629C8BCAD0006A100 /* Debug */ = {
			isa = XCBuildConfiguration;
			buildSettings = {
				ALWAYS_EMBED_SWIFT_STANDARD_LIBRARIES = YES;
				BUNDLE_LOADER = "$(TEST_HOST)";
				CODE_SIGN_STYLE = Automatic;
				CURRENT_PROJECT_VERSION = 1;
				GENERATE_INFOPLIST_FILE = YES;
				IPHONEOS_DEPLOYMENT_TARGET = 16.2;
				MARKETING_VERSION = 1.0;
				PRODUCT_BUNDLE_IDENTIFIER = example.com.rajrana.weatherAppTests;
				PRODUCT_NAME = "$(TARGET_NAME)";
				SWIFT_EMIT_LOC_STRINGS = NO;
				SWIFT_VERSION = 5.0;
				TARGETED_DEVICE_FAMILY = "1,2";
				TEST_HOST = "$(BUILT_PRODUCTS_DIR)/weatherApp.app/$(BUNDLE_EXECUTABLE_FOLDER_PATH)/weatherApp";
			};
			name = Debug;
		};
		D0B0C3D729C8BCAD0006A100 /* Release */ = {
			isa = XCBuildConfiguration;
			buildSettings = {
				ALWAYS_EMBED_SWIFT_STANDARD_LIBRARIES = YES;
				BUNDLE_LOADER = "$(TEST_HOST)";
				CODE_SIGN_STYLE = Automatic;
				CURRENT_PROJECT_VERSION = 1;
				GENERATE_INFOPLIST_FILE = YES;
				IPHONEOS_DEPLOYMENT_TARGET = 16.2;
				MARKETING_VERSION = 1.0;
				PRODUCT_BUNDLE_IDENTIFIER = example.com.rajrana.weatherAppTests;
				PRODUCT_NAME = "$(TARGET_NAME)";
				SWIFT_EMIT_LOC_STRINGS = NO;
				SWIFT_VERSION = 5.0;
				TARGETED_DEVICE_FAMILY = "1,2";
				TEST_HOST = "$(BUILT_PRODUCTS_DIR)/weatherApp.app/$(BUNDLE_EXECUTABLE_FOLDER_PATH)/weatherApp";
			};
			name = Release;
		};
		D0B0C3D929C8BCAD0006A100 /* Debug */ = {
			isa = XCBuildConfiguration;
			buildSettings = {
				ALWAYS_EMBED_SWIFT_STANDARD_LIBRARIES = YES;
				CODE_SIGN_STYLE = Automatic;
				CURRENT_PROJECT_VERSION = 1;
				GENERATE_INFOPLIST_FILE = YES;
				MARKETING_VERSION = 1.0;
				PRODUCT_BUNDLE_IDENTIFIER = example.com.rajrana.weatherAppUITests;
				PRODUCT_NAME = "$(TARGET_NAME)";
				SWIFT_EMIT_LOC_STRINGS = NO;
				SWIFT_VERSION = 5.0;
				TARGETED_DEVICE_FAMILY = "1,2";
				TEST_TARGET_NAME = weatherApp;
			};
			name = Debug;
		};
		D0B0C3DA29C8BCAD0006A100 /* Release */ = {
			isa = XCBuildConfiguration;
			buildSettings = {
				ALWAYS_EMBED_SWIFT_STANDARD_LIBRARIES = YES;
				CODE_SIGN_STYLE = Automatic;
				CURRENT_PROJECT_VERSION = 1;
				GENERATE_INFOPLIST_FILE = YES;
				MARKETING_VERSION = 1.0;
				PRODUCT_BUNDLE_IDENTIFIER = example.com.rajrana.weatherAppUITests;
				PRODUCT_NAME = "$(TARGET_NAME)";
				SWIFT_EMIT_LOC_STRINGS = NO;
				SWIFT_VERSION = 5.0;
				TARGETED_DEVICE_FAMILY = "1,2";
				TEST_TARGET_NAME = weatherApp;
			};
			name = Release;
		};
/* End XCBuildConfiguration section */

/* Begin XCConfigurationList section */
		D0B0C3A329C8BCAB0006A100 /* Build configuration list for PBXProject "weatherApp" */ = {
			isa = XCConfigurationList;
			buildConfigurations = (
				D0B0C3D029C8BCAD0006A100 /* Debug */,
				D0B0C3D129C8BCAD0006A100 /* Release */,
			);
			defaultConfigurationIsVisible = 0;
			defaultConfigurationName = Release;
		};
		D0B0C3D229C8BCAD0006A100 /* Build configuration list for PBXNativeTarget "weatherApp" */ = {
			isa = XCConfigurationList;
			buildConfigurations = (
				D0B0C3D329C8BCAD0006A100 /* Debug */,
				D0B0C3D429C8BCAD0006A100 /* Release */,
			);
			defaultConfigurationIsVisible = 0;
			defaultConfigurationName = Release;
		};
		D0B0C3D529C8BCAD0006A100 /* Build configuration list for PBXNativeTarget "weatherAppTests" */ = {
			isa = XCConfigurationList;
			buildConfigurations = (
				D0B0C3D629C8BCAD0006A100 /* Debug */,
				D0B0C3D729C8BCAD0006A100 /* Release */,
			);
			defaultConfigurationIsVisible = 0;
			defaultConfigurationName = Release;
		};
		D0B0C3D829C8BCAD0006A100 /* Build configuration list for PBXNativeTarget "weatherAppUITests" */ = {
			isa = XCConfigurationList;
			buildConfigurations = (
				D0B0C3D929C8BCAD0006A100 /* Debug */,
				D0B0C3DA29C8BCAD0006A100 /* Release */,
			);
			defaultConfigurationIsVisible = 0;
			defaultConfigurationName = Release;
		};
/* End XCConfigurationList section */
	};
	rootObject = D0B0C3A029C8BCAB0006A100 /* Project object */;
}
